
Microsoft Visual Studio Solution File, Format Version 12.00
# Visual Studio Version 16
VisualStudioVersion = 16.0.33423.256
MinimumVisualStudioVersion = 10.0.40219.1
Project("{9A19103F-16F7-4668-BE54-9A1E7A4F7556}") = "TwentyOne", "TwentyOne\TwentyOne.csproj", "{34292C47-2FFA-44DD-ADB1-1226A3721797}"
EndProject
Project("{FAE04EC0-301F-11D3-BF4B-00C04F79EFBC}") = "Cassino", "Cassino\Cassino.csproj", "{126A0431-3117-408A-A985-6FB1E21BEEDD}"
EndProject
Global
	GlobalSection(SolutionConfigurationPlatforms) = preSolution
		Debug|Any CPU = Debug|Any CPU
		Release|Any CPU = Release|Any CPU
	EndGlobalSection
	GlobalSection(ProjectConfigurationPlatforms) = postSolution
		{34292C47-2FFA-44DD-ADB1-1226A3721797}.Debug|Any CPU.ActiveCfg = Debug|Any CPU
		{34292C47-2FFA-44DD-ADB1-1226A3721797}.Debug|Any CPU.Build.0 = Debug|Any CPU
		{34292C47-2FFA-44DD-ADB1-1226A3721797}.Release|Any CPU.ActiveCfg = Release|Any CPU
		{34292C47-2FFA-44DD-ADB1-1226A3721797}.Release|Any CPU.Build.0 = Release|Any CPU
		{126A0431-3117-408A-A985-6FB1E21BEEDD}.Debug|Any CPU.ActiveCfg = Debug|Any CPU
		{126A0431-3117-408A-A985-6FB1E21BEEDD}.Debug|Any CPU.Build.0 = Debug|Any CPU
		{126A0431-3117-408A-A985-6FB1E21BEEDD}.Release|Any CPU.ActiveCfg = Release|Any CPU
		{126A0431-3117-408A-A985-6FB1E21BEEDD}.Release|Any CPU.Build.0 = Release|Any CPU
	EndGlobalSection
	GlobalSection(SolutionProperties) = preSolution
		HideSolutionNode = FALSE
	EndGlobalSection
	GlobalSection(ExtensibilityGlobals) = postSolution
		SolutionGuid = {3B970DA8-6844-4A44-BE6F-59DB338BBEC4}
	EndGlobalSection
EndGlobal
