
Microsoft Visual Studio Solution File, Format Version 12.00
# Visual Studio Version 16
VisualStudioVersion = 16.0.33423.256
MinimumVisualStudioVersion = 10.0.40219.1
Project("{FAE04EC0-301F-11D3-BF4B-00C04F79EFBC}") = "ListsAndArraysPractice", "ListsAndArraysPractice\ListsAndArraysPractice.csproj", "{1B77EC7C-351A-4EDF-9437-C9373C80E57D}"
EndProject
Global
	GlobalSection(SolutionConfigurationPlatforms) = preSolution
		Debug|Any CPU = Debug|Any CPU
		Release|Any CPU = Release|Any CPU
	EndGlobalSection
	GlobalSection(ProjectConfigurationPlatforms) = postSolution
		{1B77EC7C-351A-4EDF-9437-C9373C80E57D}.Debug|Any CPU.ActiveCfg = Debug|Any CPU
		{1B77EC7C-351A-4EDF-9437-C9373C80E57D}.Debug|Any CPU.Build.0 = Debug|Any CPU
		{1B77EC7C-351A-4EDF-9437-C9373C80E57D}.Release|Any CPU.ActiveCfg = Release|Any CPU
		{1B77EC7C-351A-4EDF-9437-C9373C80E57D}.Release|Any CPU.Build.0 = Release|Any CPU
	EndGlobalSection
	GlobalSection(SolutionProperties) = preSolution
		HideSolutionNode = FALSE
	EndGlobalSection
	GlobalSection(ExtensibilityGlobals) = postSolution
		SolutionGuid = {2873B011-2C0F-458D-8CD0-BA7D39F4D470}
	EndGlobalSection
EndGlobal
