
Microsoft Visual Studio Solution File, Format Version 12.00
# Visual Studio Version 16
VisualStudioVersion = 16.0.33423.256
MinimumVisualStudioVersion = 10.0.40219.1
Project("{FAE04EC0-301F-11D3-BF4B-00C04F79EFBC}") = "BranchingAssignment", "BranchingAssignment\BranchingAssignment.csproj", "{4DD0EB99-3453-4B32-8698-1325A103F638}"
EndProject
Global
	GlobalSection(SolutionConfigurationPlatforms) = preSolution
		Debug|Any CPU = Debug|Any CPU
		Release|Any CPU = Release|Any CPU
	EndGlobalSection
	GlobalSection(ProjectConfigurationPlatforms) = postSolution
		{4DD0EB99-3453-4B32-8698-1325A103F638}.Debug|Any CPU.ActiveCfg = Debug|Any CPU
		{4DD0EB99-3453-4B32-8698-1325A103F638}.Debug|Any CPU.Build.0 = Debug|Any CPU
		{4DD0EB99-3453-4B32-8698-1325A103F638}.Release|Any CPU.ActiveCfg = Release|Any CPU
		{4DD0EB99-3453-4B32-8698-1325A103F638}.Release|Any CPU.Build.0 = Release|Any CPU
	EndGlobalSection
	GlobalSection(SolutionProperties) = preSolution
		HideSolutionNode = FALSE
	EndGlobalSection
	GlobalSection(ExtensibilityGlobals) = postSolution
		SolutionGuid = {7E61FD2C-1BA9-4D35-9596-47F9026DAEE5}
	EndGlobalSection
EndGlobal
