
Microsoft Visual Studio Solution File, Format Version 12.00
# Visual Studio Version 16
VisualStudioVersion = 16.0.33423.256
MinimumVisualStudioVersion = 10.0.40219.1
Project("{FAE04EC0-301F-11D3-BF4B-00C04F79EFBC}") = "MethodWithOptionalParameter", "MethodWithOptionalParameter\MethodWithOptionalParameter.csproj", "{369CF402-4EFD-4AA2-A034-AC449BF0A708}"
EndProject
Global
	GlobalSection(SolutionConfigurationPlatforms) = preSolution
		Debug|Any CPU = Debug|Any CPU
		Release|Any CPU = Release|Any CPU
	EndGlobalSection
	GlobalSection(ProjectConfigurationPlatforms) = postSolution
		{369CF402-4EFD-4AA2-A034-AC449BF0A708}.Debug|Any CPU.ActiveCfg = Debug|Any CPU
		{369CF402-4EFD-4AA2-A034-AC449BF0A708}.Debug|Any CPU.Build.0 = Debug|Any CPU
		{369CF402-4EFD-4AA2-A034-AC449BF0A708}.Release|Any CPU.ActiveCfg = Release|Any CPU
		{369CF402-4EFD-4AA2-A034-AC449BF0A708}.Release|Any CPU.Build.0 = Release|Any CPU
	EndGlobalSection
	GlobalSection(SolutionProperties) = preSolution
		HideSolutionNode = FALSE
	EndGlobalSection
	GlobalSection(ExtensibilityGlobals) = postSolution
		SolutionGuid = {3F57EAF5-EDEB-41A6-8DEE-1A61A1892B29}
	EndGlobalSection
EndGlobal
