
Microsoft Visual Studio Solution File, Format Version 12.00
# Visual Studio Version 16
VisualStudioVersion = 16.0.33423.256
MinimumVisualStudioVersion = 10.0.40219.1
Project("{FAE04EC0-301F-11D3-BF4B-00C04F79EFBC}") = "ComparisonOperators", "ComparisonOperators\ComparisonOperators.csproj", "{A7026884-20B5-4C89-A16A-44DAE00E78A8}"
EndProject
Global
	GlobalSection(SolutionConfigurationPlatforms) = preSolution
		Debug|Any CPU = Debug|Any CPU
		Release|Any CPU = Release|Any CPU
	EndGlobalSection
	GlobalSection(ProjectConfigurationPlatforms) = postSolution
		{A7026884-20B5-4C89-A16A-44DAE00E78A8}.Debug|Any CPU.ActiveCfg = Debug|Any CPU
		{A7026884-20B5-4C89-A16A-44DAE00E78A8}.Debug|Any CPU.Build.0 = Debug|Any CPU
		{A7026884-20B5-4C89-A16A-44DAE00E78A8}.Release|Any CPU.ActiveCfg = Release|Any CPU
		{A7026884-20B5-4C89-A16A-44DAE00E78A8}.Release|Any CPU.Build.0 = Release|Any CPU
	EndGlobalSection
	GlobalSection(SolutionProperties) = preSolution
		HideSolutionNode = FALSE
	EndGlobalSection
	GlobalSection(ExtensibilityGlobals) = postSolution
		SolutionGuid = {3FDB6610-9938-4A21-803A-E2140C88076B}
	EndGlobalSection
EndGlobal
